schema: '2.0'
stages:
  prepare:
    cmd: python -m scripts.prepare_data --params params.yaml
    deps:
    - path: params.yaml
      hash: md5
      md5: 83d6e586c92bca87ef1f062ee0de3b46
      size: 551
    - path: scripts/prepare_data.py
      hash: md5
      md5: e25dd7ad52ac30a236bb23f8ec9bf4ca
      size: 677
    - path: src/image_classification/config.py
      hash: md5
      md5: c797d26997430597311c6bb5e4964207
      size: 2488
    - path: src/image_classification/data.py
      hash: md5
      md5: f65789f9dd803d09de0920d24ec1efb6
      size: 6699
    outs:
    - path: data/processed
      hash: md5
      md5: e05c7d7859046b1f3259a43d7918f7ac.dir
      size: 43288550
      nfiles: 2528
  train:
    cmd: python -m scripts.train --params params.yaml
    deps:
    - path: data/processed
      hash: md5
      md5: e05c7d7859046b1f3259a43d7918f7ac.dir
      size: 43288550
      nfiles: 2528
    - path: params.yaml
      hash: md5
      md5: 83d6e586c92bca87ef1f062ee0de3b46
      size: 551
    - path: scripts/train.py
      hash: md5
      md5: 96cdc4457e28153b8b7b25f45c2b95f6
      size: 1147
    - path: src/image_classification/config.py
      hash: md5
      md5: c797d26997430597311c6bb5e4964207
      size: 2488
    - path: src/image_classification/data.py
      hash: md5
      md5: f65789f9dd803d09de0920d24ec1efb6
      size: 6699
    - path: src/image_classification/model.py
      hash: md5
      md5: 99172a3bbdaaa8d499ab11741418684b
      size: 2883
    - path: src/image_classification/training.py
      hash: md5
      md5: 53e9f4052de1d6500d10b51ea5679b2f
      size: 8924
    outs:
    - path: artifacts/model/best_model.pt
      hash: md5
      md5: a7d04f6c806aac0971173e4a97fca040
      size: 94400273
    - path: artifacts/model/class_names.json
      hash: md5
      md5: 3cf726677b5ad5ae7832a1a1ae6bb002
      size: 81
    - path: artifacts/model/training_history.json
      hash: md5
      md5: 7685b6dd86254141834db0e45ad1f3f8
      size: 5160
    - path: artifacts/model/training_summary.json
      hash: md5
      md5: 51a93844c096d6102eba3d35d3f6f473
      size: 214
  evaluate:
    cmd: python -m scripts.evaluate --params params.yaml
    deps:
    - path: artifacts/model/best_model.pt
      hash: md5
      md5: a7d04f6c806aac0971173e4a97fca040
      size: 94400273
    - path: artifacts/model/class_names.json
      hash: md5
      md5: 3cf726677b5ad5ae7832a1a1ae6bb002
      size: 81
    - path: data/processed
      hash: md5
      md5: e05c7d7859046b1f3259a43d7918f7ac.dir
      size: 43288550
      nfiles: 2528
    - path: params.yaml
      hash: md5
      md5: 83d6e586c92bca87ef1f062ee0de3b46
      size: 551
    - path: scripts/evaluate.py
      hash: md5
      md5: f43d520b1d7e93ef9b42d621cd046e6f
      size: 881
    - path: src/image_classification/config.py
      hash: md5
      md5: c797d26997430597311c6bb5e4964207
      size: 2488
    - path: src/image_classification/data.py
      hash: md5
      md5: f65789f9dd803d09de0920d24ec1efb6
      size: 6699
    - path: src/image_classification/evaluate.py
      hash: md5
      md5: e638f668f3639c45d15fb45e2df58443
      size: 3842
    - path: src/image_classification/model.py
      hash: md5
      md5: 99172a3bbdaaa8d499ab11741418684b
      size: 2883
    outs:
    - path: artifacts/reports/accuracy_per_class.png
      hash: md5
      md5: 7d0523fbc88ffb5fad7f622c163c8d88
      size: 36178
    - path: artifacts/reports/confusion_matrix.png
      hash: md5
      md5: 5551f7323fb054f903c3352f7b75a41e
      size: 57053
    - path: artifacts/reports/metrics.json
      hash: md5
      md5: 58f5a2006b0feb6c1d54eee6915284b6
      size: 1169
